gitee.com/liuxueyang/gopl v0.0.0-20200826010731-42e22b5c999b h1:QiskMm8mDUXZQy68+NCy2+WU6WT06PbWobDBiHSyRMU=
gitee.com/liuxueyang/gopl v0.0.0-20200826010731-42e22b5c999b/go.mod h1:KQJ3gSBKDY7IbdPHDbdMykvr3pgN0RLrspaJ7Vkrh5c=
gitee.com/liuxueyang/gopl v0.0.0-20200827072324-072503086005 h1:wdEsYX6sWGjzt2fA0NflIcWsAnlTx3FBpQE29l2u4xU=
gitee.com/liuxueyang/gopl v0.0.0-20200827072324-072503086005/go.mod h1:KQJ3gSBKDY7IbdPHDbdMykvr3pgN0RLrspaJ7Vkrh5c=
